
Microsoft Visual Studio Solution File, Format Version 12.00
# Visual Studio Version 17
VisualStudioVersion = 17.4.33122.133
MinimumVisualStudioVersion = 10.0.40219.1
Project("{9A19103F-16F7-4668-BE54-9A1E7A4F7556}") = "MRMS_Final_Project", "MRMS_Final_Project\MRMS_Final_Project.csproj", "{2B614BA9-DFCD-4B63-8249-11F7F7EE941D}"
EndProject
Project("{FAE04EC0-301F-11D3-BF4B-00C04F79EFBC}") = "MRMS.DAL", "MRMS.DAL\MRMS.DAL.csproj", "{5A75AFE1-CA2F-458A-A69D-C1041D29E189}"
EndProject
Project("{FAE04EC0-301F-11D3-BF4B-00C04F79EFBC}") = "MRMS.Model", "MRMS.Model\MRMS.Model.csproj", "{29F1EBE2-C60E-443A-B95F-D225C60010E9}"
EndProject
Global
	GlobalSection(SolutionConfigurationPlatforms) = preSolution
		Debug|Any CPU = Debug|Any CPU
		Release|Any CPU = Release|Any CPU
	EndGlobalSection
	GlobalSection(ProjectConfigurationPlatforms) = postSolution
		{2B614BA9-DFCD-4B63-8249-11F7F7EE941D}.Debug|Any CPU.ActiveCfg = Debug|Any CPU
		{2B614BA9-DFCD-4B63-8249-11F7F7EE941D}.Debug|Any CPU.Build.0 = Debug|Any CPU
		{2B614BA9-DFCD-4B63-8249-11F7F7EE941D}.Release|Any CPU.ActiveCfg = Release|Any CPU
		{2B614BA9-DFCD-4B63-8249-11F7F7EE941D}.Release|Any CPU.Build.0 = Release|Any CPU
		{5A75AFE1-CA2F-458A-A69D-C1041D29E189}.Debug|Any CPU.ActiveCfg = Debug|Any CPU
		{5A75AFE1-CA2F-458A-A69D-C1041D29E189}.Debug|Any CPU.Build.0 = Debug|Any CPU
		{5A75AFE1-CA2F-458A-A69D-C1041D29E189}.Release|Any CPU.ActiveCfg = Release|Any CPU
		{5A75AFE1-CA2F-458A-A69D-C1041D29E189}.Release|Any CPU.Build.0 = Release|Any CPU
		{29F1EBE2-C60E-443A-B95F-D225C60010E9}.Debug|Any CPU.ActiveCfg = Debug|Any CPU
		{29F1EBE2-C60E-443A-B95F-D225C60010E9}.Debug|Any CPU.Build.0 = Debug|Any CPU
		{29F1EBE2-C60E-443A-B95F-D225C60010E9}.Release|Any CPU.ActiveCfg = Release|Any CPU
		{29F1EBE2-C60E-443A-B95F-D225C60010E9}.Release|Any CPU.Build.0 = Release|Any CPU
	EndGlobalSection
	GlobalSection(SolutionProperties) = preSolution
		HideSolutionNode = FALSE
	EndGlobalSection
	GlobalSection(ExtensibilityGlobals) = postSolution
		SolutionGuid = {244B0580-9E1E-40CA-B831-618A52054B96}
	EndGlobalSection
EndGlobal
